
Microsoft Visual Studio Solution File, Format Version 12.00
# Visual Studio Version 17
VisualStudioVersion = 17.5.33516.290
MinimumVisualStudioVersion = 10.0.40219.1
Project("{9A19103F-16F7-4668-BE54-9A1E7A4F7556}") = "UserTicketService", "UserTicketService\UserTicketService.csproj", "{4E213317-111C-47AA-B921-7835BAB7ED26}"
EndProject
Project("{9A19103F-16F7-4668-BE54-9A1E7A4F7556}") = "UserTicketService.Tests", "UserTicketService.Tests\UserTicketService.Tests.csproj", "{01D14B23-FEA7-4124-A3F3-D84528AEA0B2}"
EndProject
Project("{2150E333-8FDC-42A3-9474-1A3956D46DE8}") = "UserTicketService", "UserTicketService", "{9F3FB26C-F132-4D2E-B6AA-1A3EBA0F074A}"
EndProject
Project("{9A19103F-16F7-4668-BE54-9A1E7A4F7556}") = "UserRepository", "UserRepository\UserRepository.csproj", "{E506DED1-69BE-4230-8D55-CFE67DD62D0C}"
EndProject
Project("{9A19103F-16F7-4668-BE54-9A1E7A4F7556}") = "UserRepository.Tests", "UserRepository.Tests\UserRepository.Tests.csproj", "{0918E063-367A-429A-B989-4DBB5D3EAE90}"
EndProject
Project("{9A19103F-16F7-4668-BE54-9A1E7A4F7556}") = "BookRepository", "BookRepository\BookRepository.csproj", "{EB2890A8-40D9-45B3-9066-D1D4B3340506}"
EndProject
Project("{9A19103F-16F7-4668-BE54-9A1E7A4F7556}") = "BookRepository.Tests", "BookRepository.Tests\BookRepository.Tests.csproj", "{2905353C-E3CD-4023-8AC1-102029B8551A}"
EndProject
Project("{9A19103F-16F7-4668-BE54-9A1E7A4F7556}") = "Task16_4_1", "Task16_4_1\Task16_4_1.csproj", "{C881ADC5-8794-4B45-88CA-112BC503553B}"
EndProject
Project("{9A19103F-16F7-4668-BE54-9A1E7A4F7556}") = "Task16_4_3.Tests", "Task16_4_3.Tests\Task16_4_3.Tests.csproj", "{3B6DD59D-8DD1-4AE5-92C4-917418430C3B}"
EndProject
Project("{FAE04EC0-301F-11D3-BF4B-00C04F79EFBC}") = "FinalTask16_7_1", "FinalTask16_7_1\FinalTask16_7_1.csproj", "{B7F5B196-5B06-4D0B-9169-D8E061C4747A}"
EndProject
Project("{FAE04EC0-301F-11D3-BF4B-00C04F79EFBC}") = "FinalTask16_7_1.Tests", "FinalTask16_7_1.Tests\FinalTask16_7_1.Tests.csproj", "{82F59883-E00E-4457-B792-7CFE6C71259E}"
EndProject
Global
	GlobalSection(SolutionConfigurationPlatforms) = preSolution
		Debug|Any CPU = Debug|Any CPU
		Release|Any CPU = Release|Any CPU
	EndGlobalSection
	GlobalSection(ProjectConfigurationPlatforms) = postSolution
		{4E213317-111C-47AA-B921-7835BAB7ED26}.Debug|Any CPU.ActiveCfg = Debug|Any CPU
		{4E213317-111C-47AA-B921-7835BAB7ED26}.Debug|Any CPU.Build.0 = Debug|Any CPU
		{4E213317-111C-47AA-B921-7835BAB7ED26}.Release|Any CPU.ActiveCfg = Release|Any CPU
		{4E213317-111C-47AA-B921-7835BAB7ED26}.Release|Any CPU.Build.0 = Release|Any CPU
		{01D14B23-FEA7-4124-A3F3-D84528AEA0B2}.Debug|Any CPU.ActiveCfg = Debug|Any CPU
		{01D14B23-FEA7-4124-A3F3-D84528AEA0B2}.Debug|Any CPU.Build.0 = Debug|Any CPU
		{01D14B23-FEA7-4124-A3F3-D84528AEA0B2}.Release|Any CPU.ActiveCfg = Release|Any CPU
		{01D14B23-FEA7-4124-A3F3-D84528AEA0B2}.Release|Any CPU.Build.0 = Release|Any CPU
		{E506DED1-69BE-4230-8D55-CFE67DD62D0C}.Debug|Any CPU.ActiveCfg = Debug|Any CPU
		{E506DED1-69BE-4230-8D55-CFE67DD62D0C}.Debug|Any CPU.Build.0 = Debug|Any CPU
		{E506DED1-69BE-4230-8D55-CFE67DD62D0C}.Release|Any CPU.ActiveCfg = Release|Any CPU
		{E506DED1-69BE-4230-8D55-CFE67DD62D0C}.Release|Any CPU.Build.0 = Release|Any CPU
		{0918E063-367A-429A-B989-4DBB5D3EAE90}.Debug|Any CPU.ActiveCfg = Debug|Any CPU
		{0918E063-367A-429A-B989-4DBB5D3EAE90}.Debug|Any CPU.Build.0 = Debug|Any CPU
		{0918E063-367A-429A-B989-4DBB5D3EAE90}.Release|Any CPU.ActiveCfg = Release|Any CPU
		{0918E063-367A-429A-B989-4DBB5D3EAE90}.Release|Any CPU.Build.0 = Release|Any CPU
		{EB2890A8-40D9-45B3-9066-D1D4B3340506}.Debug|Any CPU.ActiveCfg = Debug|Any CPU
		{EB2890A8-40D9-45B3-9066-D1D4B3340506}.Debug|Any CPU.Build.0 = Debug|Any CPU
		{EB2890A8-40D9-45B3-9066-D1D4B3340506}.Release|Any CPU.ActiveCfg = Release|Any CPU
		{EB2890A8-40D9-45B3-9066-D1D4B3340506}.Release|Any CPU.Build.0 = Release|Any CPU
		{2905353C-E3CD-4023-8AC1-102029B8551A}.Debug|Any CPU.ActiveCfg = Debug|Any CPU
		{2905353C-E3CD-4023-8AC1-102029B8551A}.Debug|Any CPU.Build.0 = Debug|Any CPU
		{2905353C-E3CD-4023-8AC1-102029B8551A}.Release|Any CPU.ActiveCfg = Release|Any CPU
		{2905353C-E3CD-4023-8AC1-102029B8551A}.Release|Any CPU.Build.0 = Release|Any CPU
		{C881ADC5-8794-4B45-88CA-112BC503553B}.Debug|Any CPU.ActiveCfg = Debug|Any CPU
		{C881ADC5-8794-4B45-88CA-112BC503553B}.Debug|Any CPU.Build.0 = Debug|Any CPU
		{C881ADC5-8794-4B45-88CA-112BC503553B}.Release|Any CPU.ActiveCfg = Release|Any CPU
		{C881ADC5-8794-4B45-88CA-112BC503553B}.Release|Any CPU.Build.0 = Release|Any CPU
		{3B6DD59D-8DD1-4AE5-92C4-917418430C3B}.Debug|Any CPU.ActiveCfg = Debug|Any CPU
		{3B6DD59D-8DD1-4AE5-92C4-917418430C3B}.Debug|Any CPU.Build.0 = Debug|Any CPU
		{3B6DD59D-8DD1-4AE5-92C4-917418430C3B}.Release|Any CPU.ActiveCfg = Release|Any CPU
		{3B6DD59D-8DD1-4AE5-92C4-917418430C3B}.Release|Any CPU.Build.0 = Release|Any CPU
		{B7F5B196-5B06-4D0B-9169-D8E061C4747A}.Debug|Any CPU.ActiveCfg = Debug|Any CPU
		{B7F5B196-5B06-4D0B-9169-D8E061C4747A}.Debug|Any CPU.Build.0 = Debug|Any CPU
		{B7F5B196-5B06-4D0B-9169-D8E061C4747A}.Release|Any CPU.ActiveCfg = Release|Any CPU
		{B7F5B196-5B06-4D0B-9169-D8E061C4747A}.Release|Any CPU.Build.0 = Release|Any CPU
		{82F59883-E00E-4457-B792-7CFE6C71259E}.Debug|Any CPU.ActiveCfg = Debug|Any CPU
		{82F59883-E00E-4457-B792-7CFE6C71259E}.Debug|Any CPU.Build.0 = Debug|Any CPU
		{82F59883-E00E-4457-B792-7CFE6C71259E}.Release|Any CPU.ActiveCfg = Release|Any CPU
		{82F59883-E00E-4457-B792-7CFE6C71259E}.Release|Any CPU.Build.0 = Release|Any CPU
	EndGlobalSection
	GlobalSection(SolutionProperties) = preSolution
		HideSolutionNode = FALSE
	EndGlobalSection
	GlobalSection(NestedProjects) = preSolution
		{4E213317-111C-47AA-B921-7835BAB7ED26} = {9F3FB26C-F132-4D2E-B6AA-1A3EBA0F074A}
		{01D14B23-FEA7-4124-A3F3-D84528AEA0B2} = {9F3FB26C-F132-4D2E-B6AA-1A3EBA0F074A}
	EndGlobalSection
	GlobalSection(ExtensibilityGlobals) = postSolution
		SolutionGuid = {1B57F315-CDA9-4551-8229-FF1A39A53F30}
	EndGlobalSection
EndGlobal
